
Microsoft Visual Studio Solution File, Format Version 11.00
# Visual Studio 2010
Project("{FAE04EC0-301F-11D3-BF4B-00C04F79EFBC}") = "StringToObject", "StringToObject\StringToObject.csproj", "{9B6218AA-51EC-4107-8E24-E91019184955}"
EndProject
Project("{FAE04EC0-301F-11D3-BF4B-00C04F79EFBC}") = "ExchangeValues", "ExchangeValues\ExchangeValues.csproj", "{457A49CC-DC3B-44B5-B521-A92D8A32242A}"
EndProject
Project("{FAE04EC0-301F-11D3-BF4B-00C04F79EFBC}") = "FloatingPointCompare", "FloatingPointCompare\FloatingPointCompare.csproj", "{D05D9758-933B-4504-ABD6-8EC1DEF20920}"
EndProject
Project("{FAE04EC0-301F-11D3-BF4B-00C04F79EFBC}") = "UseOfQuotations", "UseOfQuotations\UseOfQuotations.csproj", "{37F6873A-EA64-4EFA-A910-1C3E97D3079D}"
EndProject
Project("{FAE04EC0-301F-11D3-BF4B-00C04F79EFBC}") = "NullValues", "NullValues\NullValues.csproj", "{68A8C40A-15C9-4E3B-ACDB-07030663D982}"
EndProject
Project("{FAE04EC0-301F-11D3-BF4B-00C04F79EFBC}") = "HexInt", "HexInt\HexInt.csproj", "{BF4C4C93-314C-4225-A88B-416F9DDC8FE4}"
EndProject
Project("{FAE04EC0-301F-11D3-BF4B-00C04F79EFBC}") = "CharUnicode72", "CharUnicode72\CharUnicode72.csproj", "{BAC8637C-4B70-4755-BA10-88A9AE5BB25C}"
EndProject
Project("{FAE04EC0-301F-11D3-BF4B-00C04F79EFBC}") = "PrintASCIITable", "PrintASCIITable\PrintASCIITable.csproj", "{6D78649F-0632-4B4B-9226-CA49C2FF5AF3}"
EndProject
Project("{FAE04EC0-301F-11D3-BF4B-00C04F79EFBC}") = "CopyrightTriangle", "CopyrightTriangle\CopyrightTriangle.csproj", "{CEDC8922-925F-474A-A91B-55CA13E99250}"
EndProject
Project("{FAE04EC0-301F-11D3-BF4B-00C04F79EFBC}") = "VariablesDeclare", "VariablesDeclare\VariablesDeclare.csproj", "{0A1490A2-1EB5-454C-91B6-581B9C8A60D8}"
EndProject
Project("{FAE04EC0-301F-11D3-BF4B-00C04F79EFBC}") = "FloatOrDouble", "FloatOrDouble\FloatOrDouble.csproj", "{DD13F02C-769F-4FAC-9A47-7E3B51431584}"
EndProject
Project("{FAE04EC0-301F-11D3-BF4B-00C04F79EFBC}") = "IsFemaleValue", "IsFemaleValue\IsFemaleValue.csproj", "{7EBDCAD7-EAB8-4992-83CF-5BD5BA7D32E0}"
EndProject
Project("{FAE04EC0-301F-11D3-BF4B-00C04F79EFBC}") = "EmployeeRecord", "EmployeeRecord\EmployeeRecord.csproj", "{1405C1A7-F415-4A40-A615-5DE79FA84A2B}"
EndProject
Project("{FAE04EC0-301F-11D3-BF4B-00C04F79EFBC}") = "BankAccount", "BankAccount\BankAccount.csproj", "{17D4B02B-7659-4335-A5E1-6F4065BB8A22}"
EndProject
Global
	GlobalSection(SolutionConfigurationPlatforms) = preSolution
		Debug|x86 = Debug|x86
		Release|x86 = Release|x86
	EndGlobalSection
	GlobalSection(ProjectConfigurationPlatforms) = postSolution
		{9B6218AA-51EC-4107-8E24-E91019184955}.Debug|x86.ActiveCfg = Debug|x86
		{9B6218AA-51EC-4107-8E24-E91019184955}.Debug|x86.Build.0 = Debug|x86
		{9B6218AA-51EC-4107-8E24-E91019184955}.Release|x86.ActiveCfg = Release|x86
		{9B6218AA-51EC-4107-8E24-E91019184955}.Release|x86.Build.0 = Release|x86
		{457A49CC-DC3B-44B5-B521-A92D8A32242A}.Debug|x86.ActiveCfg = Debug|x86
		{457A49CC-DC3B-44B5-B521-A92D8A32242A}.Debug|x86.Build.0 = Debug|x86
		{457A49CC-DC3B-44B5-B521-A92D8A32242A}.Release|x86.ActiveCfg = Release|x86
		{457A49CC-DC3B-44B5-B521-A92D8A32242A}.Release|x86.Build.0 = Release|x86
		{D05D9758-933B-4504-ABD6-8EC1DEF20920}.Debug|x86.ActiveCfg = Debug|x86
		{D05D9758-933B-4504-ABD6-8EC1DEF20920}.Debug|x86.Build.0 = Debug|x86
		{D05D9758-933B-4504-ABD6-8EC1DEF20920}.Release|x86.ActiveCfg = Release|x86
		{D05D9758-933B-4504-ABD6-8EC1DEF20920}.Release|x86.Build.0 = Release|x86
		{37F6873A-EA64-4EFA-A910-1C3E97D3079D}.Debug|x86.ActiveCfg = Debug|x86
		{37F6873A-EA64-4EFA-A910-1C3E97D3079D}.Debug|x86.Build.0 = Debug|x86
		{37F6873A-EA64-4EFA-A910-1C3E97D3079D}.Release|x86.ActiveCfg = Release|x86
		{37F6873A-EA64-4EFA-A910-1C3E97D3079D}.Release|x86.Build.0 = Release|x86
		{68A8C40A-15C9-4E3B-ACDB-07030663D982}.Debug|x86.ActiveCfg = Debug|x86
		{68A8C40A-15C9-4E3B-ACDB-07030663D982}.Debug|x86.Build.0 = Debug|x86
		{68A8C40A-15C9-4E3B-ACDB-07030663D982}.Release|x86.ActiveCfg = Release|x86
		{68A8C40A-15C9-4E3B-ACDB-07030663D982}.Release|x86.Build.0 = Release|x86
		{BF4C4C93-314C-4225-A88B-416F9DDC8FE4}.Debug|x86.ActiveCfg = Debug|x86
		{BF4C4C93-314C-4225-A88B-416F9DDC8FE4}.Debug|x86.Build.0 = Debug|x86
		{BF4C4C93-314C-4225-A88B-416F9DDC8FE4}.Release|x86.ActiveCfg = Release|x86
		{BF4C4C93-314C-4225-A88B-416F9DDC8FE4}.Release|x86.Build.0 = Release|x86
		{BAC8637C-4B70-4755-BA10-88A9AE5BB25C}.Debug|x86.ActiveCfg = Debug|x86
		{BAC8637C-4B70-4755-BA10-88A9AE5BB25C}.Debug|x86.Build.0 = Debug|x86
		{BAC8637C-4B70-4755-BA10-88A9AE5BB25C}.Release|x86.ActiveCfg = Release|x86
		{BAC8637C-4B70-4755-BA10-88A9AE5BB25C}.Release|x86.Build.0 = Release|x86
		{6D78649F-0632-4B4B-9226-CA49C2FF5AF3}.Debug|x86.ActiveCfg = Debug|x86
		{6D78649F-0632-4B4B-9226-CA49C2FF5AF3}.Debug|x86.Build.0 = Debug|x86
		{6D78649F-0632-4B4B-9226-CA49C2FF5AF3}.Release|x86.ActiveCfg = Release|x86
		{6D78649F-0632-4B4B-9226-CA49C2FF5AF3}.Release|x86.Build.0 = Release|x86
		{CEDC8922-925F-474A-A91B-55CA13E99250}.Debug|x86.ActiveCfg = Debug|x86
		{CEDC8922-925F-474A-A91B-55CA13E99250}.Debug|x86.Build.0 = Debug|x86
		{CEDC8922-925F-474A-A91B-55CA13E99250}.Release|x86.ActiveCfg = Release|x86
		{CEDC8922-925F-474A-A91B-55CA13E99250}.Release|x86.Build.0 = Release|x86
		{0A1490A2-1EB5-454C-91B6-581B9C8A60D8}.Debug|x86.ActiveCfg = Debug|x86
		{0A1490A2-1EB5-454C-91B6-581B9C8A60D8}.Debug|x86.Build.0 = Debug|x86
		{0A1490A2-1EB5-454C-91B6-581B9C8A60D8}.Release|x86.ActiveCfg = Release|x86
		{0A1490A2-1EB5-454C-91B6-581B9C8A60D8}.Release|x86.Build.0 = Release|x86
		{DD13F02C-769F-4FAC-9A47-7E3B51431584}.Debug|x86.ActiveCfg = Debug|x86
		{DD13F02C-769F-4FAC-9A47-7E3B51431584}.Debug|x86.Build.0 = Debug|x86
		{DD13F02C-769F-4FAC-9A47-7E3B51431584}.Release|x86.ActiveCfg = Release|x86
		{DD13F02C-769F-4FAC-9A47-7E3B51431584}.Release|x86.Build.0 = Release|x86
		{7EBDCAD7-EAB8-4992-83CF-5BD5BA7D32E0}.Debug|x86.ActiveCfg = Debug|x86
		{7EBDCAD7-EAB8-4992-83CF-5BD5BA7D32E0}.Debug|x86.Build.0 = Debug|x86
		{7EBDCAD7-EAB8-4992-83CF-5BD5BA7D32E0}.Release|x86.ActiveCfg = Release|x86
		{7EBDCAD7-EAB8-4992-83CF-5BD5BA7D32E0}.Release|x86.Build.0 = Release|x86
		{1405C1A7-F415-4A40-A615-5DE79FA84A2B}.Debug|x86.ActiveCfg = Debug|x86
		{1405C1A7-F415-4A40-A615-5DE79FA84A2B}.Debug|x86.Build.0 = Debug|x86
		{1405C1A7-F415-4A40-A615-5DE79FA84A2B}.Release|x86.ActiveCfg = Release|x86
		{1405C1A7-F415-4A40-A615-5DE79FA84A2B}.Release|x86.Build.0 = Release|x86
		{17D4B02B-7659-4335-A5E1-6F4065BB8A22}.Debug|x86.ActiveCfg = Debug|x86
		{17D4B02B-7659-4335-A5E1-6F4065BB8A22}.Debug|x86.Build.0 = Debug|x86
		{17D4B02B-7659-4335-A5E1-6F4065BB8A22}.Release|x86.ActiveCfg = Release|x86
		{17D4B02B-7659-4335-A5E1-6F4065BB8A22}.Release|x86.Build.0 = Release|x86
	EndGlobalSection
	GlobalSection(SolutionProperties) = preSolution
		HideSolutionNode = FALSE
	EndGlobalSection
EndGlobal
