
Microsoft Visual Studio Solution File, Format Version 12.00
# Visual Studio 2012
Project("{FAE04EC0-301F-11D3-BF4B-00C04F79EFBC}") = "GenomeDecoder", "GenomeDecoder\GenomeDecoder.csproj", "{02D7174A-4594-4C1E-8B1B-18F556532A3C}"
EndProject
Project("{FAE04EC0-301F-11D3-BF4B-00C04F79EFBC}") = "3DLines", "3DLines\3DLines.csproj", "{FD6621C4-D74A-459A-8ED8-02E31ABC7718}"
EndProject
Project("{FAE04EC0-301F-11D3-BF4B-00C04F79EFBC}") = "3DMaxWalk", "3DMaxWalk\3DMaxWalk.csproj", "{7EF2F631-97B1-4D25-AC95-4B505AB44563}"
EndProject
Project("{FAE04EC0-301F-11D3-BF4B-00C04F79EFBC}") = "CleanCode", "CleanCode\CleanCode.csproj", "{4C9F7E28-A3D1-47A7-8BB1-74D7E5655CF3}"
EndProject
Project("{FAE04EC0-301F-11D3-BF4B-00C04F79EFBC}") = "Tubes", "Tubes\Tubes.csproj", "{BCFA5A26-C5D4-464D-B365-C0C3DAAAE89F}"
EndProject
Project("{FAE04EC0-301F-11D3-BF4B-00C04F79EFBC}") = "Crossword", "Crossword\Crossword.csproj", "{93DAA06B-C3B0-4311-AE5E-148AD07C61D6}"
EndProject
Project("{FAE04EC0-301F-11D3-BF4B-00C04F79EFBC}") = "SegmentDigits", "SegmentDigits\SegmentDigits.csproj", "{5562CAA7-DDAF-4425-B60F-930E749DED12}"
EndProject
Project("{FAE04EC0-301F-11D3-BF4B-00C04F79EFBC}") = "Employees", "Employees\Employees.csproj", "{031642B2-25C8-4799-A869-D95C7E3E6685}"
EndProject
Project("{FAE04EC0-301F-11D3-BF4B-00C04F79EFBC}") = "3DStars", "3DStars\3DStars.csproj", "{751D6D48-8435-4708-BF97-609F8A62B2A6}"
EndProject
Project("{FAE04EC0-301F-11D3-BF4B-00C04F79EFBC}") = "Pleasantness", "Pleasantness\Pleasantness.csproj", "{67B61647-B5F6-4F6A-A237-4DD908EE7D02}"
EndProject
Project("{FAE04EC0-301F-11D3-BF4B-00C04F79EFBC}") = "Indices", "Indices\Indices.csproj", "{9A1B1558-4DDF-4B08-848B-1E85E2BD794B}"
EndProject
Project("{FAE04EC0-301F-11D3-BF4B-00C04F79EFBC}") = "Guitar", "Guitar\Guitar.csproj", "{BEBE08C5-2EDE-44D5-A5C2-70BB4608304A}"
EndProject
Project("{FAE04EC0-301F-11D3-BF4B-00C04F79EFBC}") = "GuitarRecursive", "GuitarRecursive\GuitarRecursive.csproj", "{5F9397C9-F5F8-4E22-8B7E-7B9C59502462}"
EndProject
Project("{FAE04EC0-301F-11D3-BF4B-00C04F79EFBC}") = "Brackets", "Brackets\Brackets.csproj", "{22B2903E-B746-4117-B6CA-27FEC689F022}"
EndProject
Global
	GlobalSection(SolutionConfigurationPlatforms) = preSolution
		Debug|Any CPU = Debug|Any CPU
		Release|Any CPU = Release|Any CPU
	EndGlobalSection
	GlobalSection(ProjectConfigurationPlatforms) = postSolution
		{02D7174A-4594-4C1E-8B1B-18F556532A3C}.Debug|Any CPU.ActiveCfg = Debug|Any CPU
		{02D7174A-4594-4C1E-8B1B-18F556532A3C}.Debug|Any CPU.Build.0 = Debug|Any CPU
		{02D7174A-4594-4C1E-8B1B-18F556532A3C}.Release|Any CPU.ActiveCfg = Release|Any CPU
		{02D7174A-4594-4C1E-8B1B-18F556532A3C}.Release|Any CPU.Build.0 = Release|Any CPU
		{FD6621C4-D74A-459A-8ED8-02E31ABC7718}.Debug|Any CPU.ActiveCfg = Debug|Any CPU
		{FD6621C4-D74A-459A-8ED8-02E31ABC7718}.Debug|Any CPU.Build.0 = Debug|Any CPU
		{FD6621C4-D74A-459A-8ED8-02E31ABC7718}.Release|Any CPU.ActiveCfg = Release|Any CPU
		{FD6621C4-D74A-459A-8ED8-02E31ABC7718}.Release|Any CPU.Build.0 = Release|Any CPU
		{7EF2F631-97B1-4D25-AC95-4B505AB44563}.Debug|Any CPU.ActiveCfg = Debug|Any CPU
		{7EF2F631-97B1-4D25-AC95-4B505AB44563}.Debug|Any CPU.Build.0 = Debug|Any CPU
		{7EF2F631-97B1-4D25-AC95-4B505AB44563}.Release|Any CPU.ActiveCfg = Release|Any CPU
		{7EF2F631-97B1-4D25-AC95-4B505AB44563}.Release|Any CPU.Build.0 = Release|Any CPU
		{4C9F7E28-A3D1-47A7-8BB1-74D7E5655CF3}.Debug|Any CPU.ActiveCfg = Debug|Any CPU
		{4C9F7E28-A3D1-47A7-8BB1-74D7E5655CF3}.Debug|Any CPU.Build.0 = Debug|Any CPU
		{4C9F7E28-A3D1-47A7-8BB1-74D7E5655CF3}.Release|Any CPU.ActiveCfg = Release|Any CPU
		{4C9F7E28-A3D1-47A7-8BB1-74D7E5655CF3}.Release|Any CPU.Build.0 = Release|Any CPU
		{BCFA5A26-C5D4-464D-B365-C0C3DAAAE89F}.Debug|Any CPU.ActiveCfg = Debug|Any CPU
		{BCFA5A26-C5D4-464D-B365-C0C3DAAAE89F}.Debug|Any CPU.Build.0 = Debug|Any CPU
		{BCFA5A26-C5D4-464D-B365-C0C3DAAAE89F}.Release|Any CPU.ActiveCfg = Release|Any CPU
		{BCFA5A26-C5D4-464D-B365-C0C3DAAAE89F}.Release|Any CPU.Build.0 = Release|Any CPU
		{93DAA06B-C3B0-4311-AE5E-148AD07C61D6}.Debug|Any CPU.ActiveCfg = Debug|Any CPU
		{93DAA06B-C3B0-4311-AE5E-148AD07C61D6}.Debug|Any CPU.Build.0 = Debug|Any CPU
		{93DAA06B-C3B0-4311-AE5E-148AD07C61D6}.Release|Any CPU.ActiveCfg = Release|Any CPU
		{93DAA06B-C3B0-4311-AE5E-148AD07C61D6}.Release|Any CPU.Build.0 = Release|Any CPU
		{5562CAA7-DDAF-4425-B60F-930E749DED12}.Debug|Any CPU.ActiveCfg = Debug|Any CPU
		{5562CAA7-DDAF-4425-B60F-930E749DED12}.Debug|Any CPU.Build.0 = Debug|Any CPU
		{5562CAA7-DDAF-4425-B60F-930E749DED12}.Release|Any CPU.ActiveCfg = Release|Any CPU
		{5562CAA7-DDAF-4425-B60F-930E749DED12}.Release|Any CPU.Build.0 = Release|Any CPU
		{031642B2-25C8-4799-A869-D95C7E3E6685}.Debug|Any CPU.ActiveCfg = Debug|Any CPU
		{031642B2-25C8-4799-A869-D95C7E3E6685}.Debug|Any CPU.Build.0 = Debug|Any CPU
		{031642B2-25C8-4799-A869-D95C7E3E6685}.Release|Any CPU.ActiveCfg = Release|Any CPU
		{031642B2-25C8-4799-A869-D95C7E3E6685}.Release|Any CPU.Build.0 = Release|Any CPU
		{751D6D48-8435-4708-BF97-609F8A62B2A6}.Debug|Any CPU.ActiveCfg = Debug|Any CPU
		{751D6D48-8435-4708-BF97-609F8A62B2A6}.Debug|Any CPU.Build.0 = Debug|Any CPU
		{751D6D48-8435-4708-BF97-609F8A62B2A6}.Release|Any CPU.ActiveCfg = Release|Any CPU
		{751D6D48-8435-4708-BF97-609F8A62B2A6}.Release|Any CPU.Build.0 = Release|Any CPU
		{67B61647-B5F6-4F6A-A237-4DD908EE7D02}.Debug|Any CPU.ActiveCfg = Debug|Any CPU
		{67B61647-B5F6-4F6A-A237-4DD908EE7D02}.Debug|Any CPU.Build.0 = Debug|Any CPU
		{67B61647-B5F6-4F6A-A237-4DD908EE7D02}.Release|Any CPU.ActiveCfg = Release|Any CPU
		{67B61647-B5F6-4F6A-A237-4DD908EE7D02}.Release|Any CPU.Build.0 = Release|Any CPU
		{9A1B1558-4DDF-4B08-848B-1E85E2BD794B}.Debug|Any CPU.ActiveCfg = Debug|Any CPU
		{9A1B1558-4DDF-4B08-848B-1E85E2BD794B}.Debug|Any CPU.Build.0 = Debug|Any CPU
		{9A1B1558-4DDF-4B08-848B-1E85E2BD794B}.Release|Any CPU.ActiveCfg = Release|Any CPU
		{9A1B1558-4DDF-4B08-848B-1E85E2BD794B}.Release|Any CPU.Build.0 = Release|Any CPU
		{BEBE08C5-2EDE-44D5-A5C2-70BB4608304A}.Debug|Any CPU.ActiveCfg = Debug|Any CPU
		{BEBE08C5-2EDE-44D5-A5C2-70BB4608304A}.Debug|Any CPU.Build.0 = Debug|Any CPU
		{BEBE08C5-2EDE-44D5-A5C2-70BB4608304A}.Release|Any CPU.ActiveCfg = Release|Any CPU
		{BEBE08C5-2EDE-44D5-A5C2-70BB4608304A}.Release|Any CPU.Build.0 = Release|Any CPU
		{5F9397C9-F5F8-4E22-8B7E-7B9C59502462}.Debug|Any CPU.ActiveCfg = Debug|Any CPU
		{5F9397C9-F5F8-4E22-8B7E-7B9C59502462}.Debug|Any CPU.Build.0 = Debug|Any CPU
		{5F9397C9-F5F8-4E22-8B7E-7B9C59502462}.Release|Any CPU.ActiveCfg = Release|Any CPU
		{5F9397C9-F5F8-4E22-8B7E-7B9C59502462}.Release|Any CPU.Build.0 = Release|Any CPU
		{22B2903E-B746-4117-B6CA-27FEC689F022}.Debug|Any CPU.ActiveCfg = Debug|Any CPU
		{22B2903E-B746-4117-B6CA-27FEC689F022}.Debug|Any CPU.Build.0 = Debug|Any CPU
		{22B2903E-B746-4117-B6CA-27FEC689F022}.Release|Any CPU.ActiveCfg = Release|Any CPU
		{22B2903E-B746-4117-B6CA-27FEC689F022}.Release|Any CPU.Build.0 = Release|Any CPU
	EndGlobalSection
	GlobalSection(SolutionProperties) = preSolution
		HideSolutionNode = FALSE
	EndGlobalSection
EndGlobal
